
Microsoft Visual Studio Solution File, Format Version 12.00
# Visual Studio Version 16
VisualStudioVersion = 16.0.29324.140
MinimumVisualStudioVersion = 10.0.40219.1
Project("{FAE04EC0-301F-11D3-BF4B-00C04F79EFBC}") = "Teste", "Teste\Teste.csproj", "{0A399D1D-1698-4B32-A2B3-A35C2D3ADFCB}"
EndProject
Global
	GlobalSection(SolutionConfigurationPlatforms) = preSolution
		Debug|Any CPU = Debug|Any CPU
		Release|Any CPU = Release|Any CPU
	EndGlobalSection
	GlobalSection(ProjectConfigurationPlatforms) = postSolution
		{0A399D1D-1698-4B32-A2B3-A35C2D3ADFCB}.Debug|Any CPU.ActiveCfg = Debug|Any CPU
		{0A399D1D-1698-4B32-A2B3-A35C2D3ADFCB}.Debug|Any CPU.Build.0 = Debug|Any CPU
		{0A399D1D-1698-4B32-A2B3-A35C2D3ADFCB}.Release|Any CPU.ActiveCfg = Release|Any CPU
		{0A399D1D-1698-4B32-A2B3-A35C2D3ADFCB}.Release|Any CPU.Build.0 = Release|Any CPU
	EndGlobalSection
	GlobalSection(SolutionProperties) = preSolution
		HideSolutionNode = FALSE
	EndGlobalSection
	GlobalSection(ExtensibilityGlobals) = postSolution
		SolutionGuid = {4F930B37-FFE6-487E-9BA3-1F0C29E53B03}
	EndGlobalSection
EndGlobal
